// !$*UTF8*$!
{
	archiveVersion = 1;
	classes = {
	};
	objectVersion = 50;
	objects = {

/* Begin PBXBuildFile section */
		E0192FF725E41B7300EE45A7 /* missions.json in Resources */ = {isa = PBXBuildFile; fileRef = E0192FF525E41B7300EE45A7 /* missions.json */; };
		E0192FF825E41B7300EE45A7 /* astronauts.json in Resources */ = {isa = PBXBuildFile; fileRef = E0192FF625E41B7300EE45A7 /* astronauts.json */; };
		E0192FFB25E41BB300EE45A7 /* Astronaut.swift in Sources */ = {isa = PBXBuildFile; fileRef = E0192FFA25E41BB300EE45A7 /* Astronaut.swift */; };
		E0192FFE25E41CE400EE45A7 /* Bundle-Decodable.swift in Sources */ = {isa = PBXBuildFile; fileRef = E0192FFD25E41CE400EE45A7 /* Bundle-Decodable.swift */; };
		E019300125E41F0D00EE45A7 /* Mission.swift in Sources */ = {isa = PBXBuildFile; fileRef = E019300025E41F0D00EE45A7 /* Mission.swift */; };
		E019300425E4313000EE45A7 /* MissionView.swift in Sources */ = {isa = PBXBuildFile; fileRef = E019300325E4313000EE45A7 /* MissionView.swift */; };
		E019300725E4428F00EE45A7 /* AstronautView.swift in Sources */ = {isa = PBXBuildFile; fileRef = E019300625E4428F00EE45A7 /* AstronautView.swift */; };
		E0B137F125E5745D004A8984 /* AstronautMissionView.swift in Sources */ = {isa = PBXBuildFile; fileRef = E0B137F025E5745D004A8984 /* AstronautMissionView.swift */; };
		E0F8B93C25DEE3D000181966 /* AppDelegate.swift in Sources */ = {isa = PBXBuildFile; fileRef = E0F8B93B25DEE3D000181966 /* AppDelegate.swift */; };
		E0F8B93E25DEE3D000181966 /* SceneDelegate.swift in Sources */ = {isa = PBXBuildFile; fileRef = E0F8B93D25DEE3D000181966 /* SceneDelegate.swift */; };
		E0F8B94025DEE3D000181966 /* ContentView.swift in Sources */ = {isa = PBXBuildFile; fileRef = E0F8B93F25DEE3D000181966 /* ContentView.swift */; };
		E0F8B94525DEE3D000181966 /* Preview Assets.xcassets in Resources */ = {isa = PBXBuildFile; fileRef = E0F8B94425DEE3D000181966 /* Preview Assets.xcassets */; };
		E0F8B94825DEE3D000181966 /* LaunchScreen.storyboard in Resources */ = {isa = PBXBuildFile; fileRef = E0F8B94625DEE3D000181966 /* LaunchScreen.storyboard */; };
		E0F8B95225DEEB4800181966 /* Assets.xcassets in Resources */ = {isa = PBXBuildFile; fileRef = E0F8B95125DEEB4800181966 /* Assets.xcassets */; };
/* End PBXBuildFile section */

/* Begin PBXFileReference section */
		E0192FF525E41B7300EE45A7 /* missions.json */ = {isa = PBXFileReference; fileEncoding = 4; lastKnownFileType = text.json; path = missions.json; sourceTree = "<group>"; };
		E0192FF625E41B7300EE45A7 /* astronauts.json */ = {isa = PBXFileReference; fileEncoding = 4; lastKnownFileType = text.json; path = astronauts.json; sourceTree = "<group>"; };
		E0192FFA25E41BB300EE45A7 /* Astronaut.swift */ = {isa = PBXFileReference; lastKnownFileType = sourcecode.swift; path = Astronaut.swift; sourceTree = "<group>"; };
		E0192FFD25E41CE400EE45A7 /* Bundle-Decodable.swift */ = {isa = PBXFileReference; lastKnownFileType = sourcecode.swift; path = "Bundle-Decodable.swift"; sourceTree = "<group>"; };
		E019300025E41F0D00EE45A7 /* Mission.swift */ = {isa = PBXFileReference; lastKnownFileType = sourcecode.swift; path = Mission.swift; sourceTree = "<group>"; };
		E019300325E4313000EE45A7 /* MissionView.swift */ = {isa = PBXFileReference; lastKnownFileType = sourcecode.swift; path = MissionView.swift; sourceTree = "<group>"; };
		E019300625E4428F00EE45A7 /* AstronautView.swift */ = {isa = PBXFileReference; lastKnownFileType = sourcecode.swift; path = AstronautView.swift; sourceTree = "<group>"; };
		E0B137F025E5745D004A8984 /* AstronautMissionView.swift */ = {isa = PBXFileReference; lastKnownFileType = sourcecode.swift; path = AstronautMissionView.swift; sourceTree = "<group>"; };
		E0F8B93825DEE3D000181966 /* MoonShot.app */ = {isa = PBXFileReference; explicitFileType = wrapper.application; includeInIndex = 0; path = MoonShot.app; sourceTree = BUILT_PRODUCTS_DIR; };
		E0F8B93B25DEE3D000181966 /* AppDelegate.swift */ = {isa = PBXFileReference; lastKnownFileType = sourcecode.swift; path = AppDelegate.swift; sourceTree = "<group>"; };
		E0F8B93D25DEE3D000181966 /* SceneDelegate.swift */ = {isa = PBXFileReference; lastKnownFileType = sourcecode.swift; path = SceneDelegate.swift; sourceTree = "<group>"; };
		E0F8B93F25DEE3D000181966 /* ContentView.swift */ = {isa = PBXFileReference; lastKnownFileType = sourcecode.swift; path = ContentView.swift; sourceTree = "<group>"; };
		E0F8B94425DEE3D000181966 /* Preview Assets.xcassets */ = {isa = PBXFileReference; lastKnownFileType = folder.assetcatalog; path = "Preview Assets.xcassets"; sourceTree = "<group>"; };
		E0F8B94725DEE3D000181966 /* Base */ = {isa = PBXFileReference; lastKnownFileType = file.storyboard; name = Base; path = Base.lproj/LaunchScreen.storyboard; sourceTree = "<group>"; };
		E0F8B94925DEE3D000181966 /* Info.plist */ = {isa = PBXFileReference; lastKnownFileType = text.plist.xml; path = Info.plist; sourceTree = "<group>"; };
		E0F8B95125DEEB4800181966 /* Assets.xcassets */ = {isa = PBXFileReference; lastKnownFileType = folder.assetcatalog; path = Assets.xcassets; sourceTree = "<group>"; };
/* End PBXFileReference section */

/* Begin PBXFrameworksBuildPhase section */
		E0F8B93525DEE3D000181966 /* Frameworks */ = {
			isa = PBXFrameworksBuildPhase;
			buildActionMask = 2147483647;
			files = (
			);
			runOnlyForDeploymentPostprocessing = 0;
		};
/* End PBXFrameworksBuildPhase section */

/* Begin PBXGroup section */
		E0F8B92F25DEE3D000181966 = {
			isa = PBXGroup;
			children = (
				E0F8B93A25DEE3D000181966 /* MoonShot */,
				E0F8B93925DEE3D000181966 /* Products */,
			);
			sourceTree = "<group>";
		};
		E0F8B93925DEE3D000181966 /* Products */ = {
			isa = PBXGroup;
			children = (
				E0F8B93825DEE3D000181966 /* MoonShot.app */,
			);
			name = Products;
			sourceTree = "<group>";
		};
		E0F8B93A25DEE3D000181966 /* MoonShot */ = {
			isa = PBXGroup;
			children = (
				E0F8B93B25DEE3D000181966 /* AppDelegate.swift */,
				E0F8B93D25DEE3D000181966 /* SceneDelegate.swift */,
				E0F8B93F25DEE3D000181966 /* ContentView.swift */,
				E019300625E4428F00EE45A7 /* AstronautView.swift */,
				E0B137F025E5745D004A8984 /* AstronautMissionView.swift */,
				E019300325E4313000EE45A7 /* MissionView.swift */,
				E019300025E41F0D00EE45A7 /* Mission.swift */,
				E0F8B94625DEE3D000181966 /* LaunchScreen.storyboard */,
				E0F8B95125DEEB4800181966 /* Assets.xcassets */,
				E0F8B94925DEE3D000181966 /* Info.plist */,
				E0192FF625E41B7300EE45A7 /* astronauts.json */,
				E0192FFA25E41BB300EE45A7 /* Astronaut.swift */,
				E0192FFD25E41CE400EE45A7 /* Bundle-Decodable.swift */,
				E0192FF525E41B7300EE45A7 /* missions.json */,
				E0F8B94325DEE3D000181966 /* Preview Content */,
			);
			path = MoonShot;
			sourceTree = "<group>";
		};
		E0F8B94325DEE3D000181966 /* Preview Content */ = {
			isa = PBXGroup;
			children = (
				E0F8B94425DEE3D000181966 /* Preview Assets.xcassets */,
			);
			path = "Preview Content";
			sourceTree = "<group>";
		};
/* End PBXGroup section */

/* Begin PBXNativeTarget section */
		E0F8B93725DEE3D000181966 /* MoonShot */ = {
			isa = PBXNativeTarget;
			buildConfigurationList = E0F8B94C25DEE3D000181966 /* Build configuration list for PBXNativeTarget "MoonShot" */;
			buildPhases = (
				E0F8B93425DEE3D000181966 /* Sources */,
				E0F8B93525DEE3D000181966 /* Frameworks */,
				E0F8B93625DEE3D000181966 /* Resources */,
			);
			buildRules = (
			);
			dependencies = (
			);
			name = MoonShot;
			productName = MoonShot;
			productReference = E0F8B93825DEE3D000181966 /* MoonShot.app */;
			productType = "com.apple.product-type.application";
		};
/* End PBXNativeTarget section */

/* Begin PBXProject section */
		E0F8B93025DEE3D000181966 /* Project object */ = {
			isa = PBXProject;
			attributes = {
				LastSwiftUpdateCheck = 1240;
				LastUpgradeCheck = 1240;
				TargetAttributes = {
					E0F8B93725DEE3D000181966 = {
						CreatedOnToolsVersion = 12.4;
					};
				};
			};
			buildConfigurationList = E0F8B93325DEE3D000181966 /* Build configuration list for PBXProject "MoonShot" */;
			compatibilityVersion = "Xcode 9.3";
			developmentRegion = en;
			hasScannedForEncodings = 0;
			knownRegions = (
				en,
				Base,
			);
			mainGroup = E0F8B92F25DEE3D000181966;
			productRefGroup = E0F8B93925DEE3D000181966 /* Products */;
			projectDirPath = "";
			projectRoot = "";
			targets = (
				E0F8B93725DEE3D000181966 /* MoonShot */,
			);
		};
/* End PBXProject section */

/* Begin PBXResourcesBuildPhase section */
		E0F8B93625DEE3D000181966 /* Resources */ = {
			isa = PBXResourcesBuildPhase;
			buildActionMask = 2147483647;
			files = (
				E0F8B94825DEE3D000181966 /* LaunchScreen.storyboard in Resources */,
				E0F8B95225DEEB4800181966 /* Assets.xcassets in Resources */,
				E0192FF725E41B7300EE45A7 /* missions.json in Resources */,
				E0192FF825E41B7300EE45A7 /* astronauts.json in Resources */,
				E0F8B94525DEE3D000181966 /* Preview Assets.xcassets in Resources */,
			);
			runOnlyForDeploymentPostprocessing = 0;
		};
/* End PBXResourcesBuildPhase section */

/* Begin PBXSourcesBuildPhase section */
		E0F8B93425DEE3D000181966 /* Sources */ = {
			isa = PBXSourcesBuildPhase;
			buildActionMask = 2147483647;
			files = (
				E019300425E4313000EE45A7 /* MissionView.swift in Sources */,
				E0B137F125E5745D004A8984 /* AstronautMissionView.swift in Sources */,
				E019300125E41F0D00EE45A7 /* Mission.swift in Sources */,
				E019300725E4428F00EE45A7 /* AstronautView.swift in Sources */,
				E0F8B93C25DEE3D000181966 /* AppDelegate.swift in Sources */,
				E0F8B93E25DEE3D000181966 /* SceneDelegate.swift in Sources */,
				E0192FFE25E41CE400EE45A7 /* Bundle-Decodable.swift in Sources */,
				E0F8B94025DEE3D000181966 /* ContentView.swift in Sources */,
				E0192FFB25E41BB300EE45A7 /* Astronaut.swift in Sources */,
			);
			runOnlyForDeploymentPostprocessing = 0;
		};
/* End PBXSourcesBuildPhase section */

/* Begin PBXVariantGroup section */
		E0F8B94625DEE3D000181966 /* LaunchScreen.storyboard */ = {
			isa = PBXVariantGroup;
			children = (
				E0F8B94725DEE3D000181966 /* Base */,
			);
			name = LaunchScreen.storyboard;
			sourceTree = "<group>";
		};
/* End PBXVariantGroup section */

/* Begin XCBuildConfiguration section */
		E0F8B94A25DEE3D000181966 /* Debug */ = {
			isa = XCBuildConfiguration;
			buildSettings = {
				ALWAYS_SEARCH_USER_PATHS = NO;
				CLANG_ANALYZER_NONNULL = YES;
				CLANG_ANALYZER_NUMBER_OBJECT_CONVERSION = YES_AGGRESSIVE;
				CLANG_CXX_LANGUAGE_STANDARD = "gnu++14";
				CLANG_CXX_LIBRARY = "libc++";
				CLANG_ENABLE_MODULES = YES;
				CLANG_ENABLE_OBJC_ARC = YES;
				CLANG_ENABLE_OBJC_WEAK = YES;
				CLANG_WARN_BLOCK_CAPTURE_AUTORELEASING = YES;
				CLANG_WARN_BOOL_CONVERSION = YES;
				CLANG_WARN_COMMA = YES;
				CLANG_WARN_CONSTANT_CONVERSION = YES;
				CLANG_WARN_DEPRECATED_OBJC_IMPLEMENTATIONS = YES;
				CLANG_WARN_DIRECT_OBJC_ISA_USAGE = YES_ERROR;
				CLANG_WARN_DOCUMENTATION_COMMENTS = YES;
				CLANG_WARN_EMPTY_BODY = YES;
				CLANG_WARN_ENUM_CONVERSION = YES;
				CLANG_WARN_INFINITE_RECURSION = YES;
				CLANG_WARN_INT_CONVERSION = YES;
				CLANG_WARN_NON_LITERAL_NULL_CONVERSION = YES;
				CLANG_WARN_OBJC_IMPLICIT_RETAIN_SELF = YES;
				CLANG_WARN_OBJC_LITERAL_CONVERSION = YES;
				CLANG_WARN_OBJC_ROOT_CLASS = YES_ERROR;
				CLANG_WARN_QUOTED_INCLUDE_IN_FRAMEWORK_HEADER = YES;
				CLANG_WARN_RANGE_LOOP_ANALYSIS = YES;
				CLANG_WARN_STRICT_PROTOTYPES = YES;
				CLANG_WARN_SUSPICIOUS_MOVE = YES;
				CLANG_WARN_UNGUARDED_AVAILABILITY = YES_AGGRESSIVE;
				CLANG_WARN_UNREACHABLE_CODE = YES;
				CLANG_WARN__DUPLICATE_METHOD_MATCH = YES;
				COPY_PHASE_STRIP = NO;
				DEBUG_INFORMATION_FORMAT = dwarf;
				ENABLE_STRICT_OBJC_MSGSEND = YES;
				ENABLE_TESTABILITY = YES;
				GCC_C_LANGUAGE_STANDARD = gnu11;
				GCC_DYNAMIC_NO_PIC = NO;
				GCC_NO_COMMON_BLOCKS = YES;
				GCC_OPTIMIZATION_LEVEL = 0;
				GCC_PREPROCESSOR_DEFINITIONS = (
					"DEBUG=1",
					"$(inherited)",
				);
				GCC_WARN_64_TO_32_BIT_CONVERSION = YES;
				GCC_WARN_ABOUT_RETURN_TYPE = YES_ERROR;
				GCC_WARN_UNDECLARED_SELECTOR = YES;
				GCC_WARN_UNINITIALIZED_AUTOS = YES_AGGRESSIVE;
				GCC_WARN_UNUSED_FUNCTION = YES;
				GCC_WARN_UNUSED_VARIABLE = YES;
				IPHONEOS_DEPLOYMENT_TARGET = 14.4;
				MTL_ENABLE_DEBUG_INFO = INCLUDE_SOURCE;
				MTL_FAST_MATH = YES;
				ONLY_ACTIVE_ARCH = YES;
				SDKROOT = iphoneos;
				SWIFT_ACTIVE_COMPILATION_CONDITIONS = DEBUG;
				SWIFT_OPTIMIZATION_LEVEL = "-Onone";
			};
			name = Debug;
		};
		E0F8B94B25DEE3D000181966 /* Release */ = {
			isa = XCBuildConfiguration;
			buildSettings = {
				ALWAYS_SEARCH_USER_PATHS = NO;
				CLANG_ANALYZER_NONNULL = YES;
				CLANG_ANALYZER_NUMBER_OBJECT_CONVERSION = YES_AGGRESSIVE;
				CLANG_CXX_LANGUAGE_STANDARD = "gnu++14";
				CLANG_CXX_LIBRARY = "libc++";
				CLANG_ENABLE_MODULES = YES;
				CLANG_ENABLE_OBJC_ARC = YES;
				CLANG_ENABLE_OBJC_WEAK = YES;
				CLANG_WARN_BLOCK_CAPTURE_AUTORELEASING = YES;
				CLANG_WARN_BOOL_CONVERSION = YES;
				CLANG_WARN_COMMA = YES;
				CLANG_WARN_CONSTANT_CONVERSION = YES;
				CLANG_WARN_DEPRECATED_OBJC_IMPLEMENTATIONS = YES;
				CLANG_WARN_DIRECT_OBJC_ISA_USAGE = YES_ERROR;
				CLANG_WARN_DOCUMENTATION_COMMENTS = YES;
				CLANG_WARN_EMPTY_BODY = YES;
				CLANG_WARN_ENUM_CONVERSION = YES;
				CLANG_WARN_INFINITE_RECURSION = YES;
				CLANG_WARN_INT_CONVERSION = YES;
				CLANG_WARN_NON_LITERAL_NULL_CONVERSION = YES;
				CLANG_WARN_OBJC_IMPLICIT_RETAIN_SELF = YES;
				CLANG_WARN_OBJC_LITERAL_CONVERSION = YES;
				CLANG_WARN_OBJC_ROOT_CLASS = YES_ERROR;
				CLANG_WARN_QUOTED_INCLUDE_IN_FRAMEWORK_HEADER = YES;
				CLANG_WARN_RANGE_LOOP_ANALYSIS = YES;
				CLANG_WARN_STRICT_PROTOTYPES = YES;
				CLANG_WARN_SUSPICIOUS_MOVE = YES;
				CLANG_WARN_UNGUARDED_AVAILABILITY = YES_AGGRESSIVE;
				CLANG_WARN_UNREACHABLE_CODE = YES;
				CLANG_WARN__DUPLICATE_METHOD_MATCH = YES;
				COPY_PHASE_STRIP = NO;
				DEBUG_INFORMATION_FORMAT = "dwarf-with-dsym";
				ENABLE_NS_ASSERTIONS = NO;
				ENABLE_STRICT_OBJC_MSGSEND = YES;
				GCC_C_LANGUAGE_STANDARD = gnu11;
				GCC_NO_COMMON_BLOCKS = YES;
				GCC_WARN_64_TO_32_BIT_CONVERSION = YES;
				GCC_WARN_ABOUT_RETURN_TYPE = YES_ERROR;
				GCC_WARN_UNDECLARED_SELECTOR = YES;
				GCC_WARN_UNINITIALIZED_AUTOS = YES_AGGRESSIVE;
				GCC_WARN_UNUSED_FUNCTION = YES;
				GCC_WARN_UNUSED_VARIABLE = YES;
				IPHONEOS_DEPLOYMENT_TARGET = 14.4;
				MTL_ENABLE_DEBUG_INFO = NO;
				MTL_FAST_MATH = YES;
				SDKROOT = iphoneos;
				SWIFT_COMPILATION_MODE = wholemodule;
				SWIFT_OPTIMIZATION_LEVEL = "-O";
				VALIDATE_PRODUCT = YES;
			};
			name = Release;
		};
		E0F8B94D25DEE3D000181966 /* Debug */ = {
			isa = XCBuildConfiguration;
			buildSettings = {
				ASSETCATALOG_COMPILER_APPICON_NAME = AppIcon;
				ASSETCATALOG_COMPILER_GLOBAL_ACCENT_COLOR_NAME = AccentColor;
				CODE_SIGN_STYLE = Automatic;
				DEVELOPMENT_ASSET_PATHS = "\"MoonShot/Preview Content\"";
				ENABLE_PREVIEWS = YES;
				INFOPLIST_FILE = MoonShot/Info.plist;
				LD_RUNPATH_SEARCH_PATHS = (
					"$(inherited)",
					"@executable_path/Frameworks",
				);
				PRODUCT_BUNDLE_IDENTIFIER = com.pizzagreven.MoonShot;
				PRODUCT_NAME = "$(TARGET_NAME)";
				SWIFT_VERSION = 5.0;
				TARGETED_DEVICE_FAMILY = "1,2";
			};
			name = Debug;
		};
		E0F8B94E25DEE3D000181966 /* Release */ = {
			isa = XCBuildConfiguration;
			buildSettings = {
				ASSETCATALOG_COMPILER_APPICON_NAME = AppIcon;
				ASSETCATALOG_COMPILER_GLOBAL_ACCENT_COLOR_NAME = AccentColor;
				CODE_SIGN_STYLE = Automatic;
				DEVELOPMENT_ASSET_PATHS = "\"MoonShot/Preview Content\"";
				ENABLE_PREVIEWS = YES;
				INFOPLIST_FILE = MoonShot/Info.plist;
				LD_RUNPATH_SEARCH_PATHS = (
					"$(inherited)",
					"@executable_path/Frameworks",
				);
				PRODUCT_BUNDLE_IDENTIFIER = com.pizzagreven.MoonShot;
				PRODUCT_NAME = "$(TARGET_NAME)";
				SWIFT_VERSION = 5.0;
				TARGETED_DEVICE_FAMILY = "1,2";
			};
			name = Release;
		};
/* End XCBuildConfiguration section */

/* Begin XCConfigurationList section */
		E0F8B93325DEE3D000181966 /* Build configuration list for PBXProject "MoonShot" */ = {
			isa = XCConfigurationList;
			buildConfigurations = (
				E0F8B94A25DEE3D000181966 /* Debug */,
				E0F8B94B25DEE3D000181966 /* Release */,
			);
			defaultConfigurationIsVisible = 0;
			defaultConfigurationName = Release;
		};
		E0F8B94C25DEE3D000181966 /* Build configuration list for PBXNativeTarget "MoonShot" */ = {
			isa = XCConfigurationList;
			buildConfigurations = (
				E0F8B94D25DEE3D000181966 /* Debug */,
				E0F8B94E25DEE3D000181966 /* Release */,
			);
			defaultConfigurationIsVisible = 0;
			defaultConfigurationName = Release;
		};
/* End XCConfigurationList section */
	};
	rootObject = E0F8B93025DEE3D000181966 /* Project object */;
}
